
Microsoft Visual Studio Solution File, Format Version 12.00
# Visual Studio Version 17
VisualStudioVersion = 17.11.35312.102
MinimumVisualStudioVersion = 10.0.40219.1
Project("{9A19103F-16F7-4668-BE54-9A1E7A4F7556}") = "QueueGenerics_Enqueue_Dequeue", "QueueGenerics_Enqueue_Dequeue\QueueGenerics_Enqueue_Dequeue.csproj", "{B4CCBC20-373E-4AF8-93A3-4BEE664B387D}"
EndProject
Project("{FAE04EC0-301F-11D3-BF4B-00C04F79EFBC}") = "QueueGenerics_CopyTo_Clear_Contains", "QueueGenerics_CopyTo_Clear_Contains\QueueGenerics_CopyTo_Clear_Contains.csproj", "{C0F96DDB-6DB6-43D4-9B57-D74D5328946F}"
EndProject
Global
	GlobalSection(SolutionConfigurationPlatforms) = preSolution
		Debug|Any CPU = Debug|Any CPU
		Release|Any CPU = Release|Any CPU
	EndGlobalSection
	GlobalSection(ProjectConfigurationPlatforms) = postSolution
		{B4CCBC20-373E-4AF8-93A3-4BEE664B387D}.Debug|Any CPU.ActiveCfg = Debug|Any CPU
		{B4CCBC20-373E-4AF8-93A3-4BEE664B387D}.Debug|Any CPU.Build.0 = Debug|Any CPU
		{B4CCBC20-373E-4AF8-93A3-4BEE664B387D}.Release|Any CPU.ActiveCfg = Release|Any CPU
		{B4CCBC20-373E-4AF8-93A3-4BEE664B387D}.Release|Any CPU.Build.0 = Release|Any CPU
		{C0F96DDB-6DB6-43D4-9B57-D74D5328946F}.Debug|Any CPU.ActiveCfg = Debug|Any CPU
		{C0F96DDB-6DB6-43D4-9B57-D74D5328946F}.Debug|Any CPU.Build.0 = Debug|Any CPU
		{C0F96DDB-6DB6-43D4-9B57-D74D5328946F}.Release|Any CPU.ActiveCfg = Release|Any CPU
		{C0F96DDB-6DB6-43D4-9B57-D74D5328946F}.Release|Any CPU.Build.0 = Release|Any CPU
	EndGlobalSection
	GlobalSection(SolutionProperties) = preSolution
		HideSolutionNode = FALSE
	EndGlobalSection
	GlobalSection(ExtensibilityGlobals) = postSolution
		SolutionGuid = {4106486F-743E-4865-9B8B-60581883B414}
	EndGlobalSection
EndGlobal
